
Microsoft Visual Studio Solution File, Format Version 12.00
# Visual Studio Version 17
VisualStudioVersion = 17.14.36414.22 d17.14
MinimumVisualStudioVersion = 10.0.40219.1
Project("{FAE04EC0-301F-11D3-BF4B-00C04F79EFBC}") = "ST10434307_Nyiko_Masinge_CLDV6212_P1", "ST10434307_Nyiko_Masinge_CLDV6212_P1.csproj", "{F3012106-C57E-45ED-82BF-237E5E14CEB4}"
EndProject
Global
	GlobalSection(SolutionConfigurationPlatforms) = preSolution
		Debug|Any CPU = Debug|Any CPU
		Release|Any CPU = Release|Any CPU
	EndGlobalSection
	GlobalSection(ProjectConfigurationPlatforms) = postSolution
		{F3012106-C57E-45ED-82BF-237E5E14CEB4}.Debug|Any CPU.ActiveCfg = Debug|Any CPU
		{F3012106-C57E-45ED-82BF-237E5E14CEB4}.Debug|Any CPU.Build.0 = Debug|Any CPU
		{F3012106-C57E-45ED-82BF-237E5E14CEB4}.Release|Any CPU.ActiveCfg = Release|Any CPU
		{F3012106-C57E-45ED-82BF-237E5E14CEB4}.Release|Any CPU.Build.0 = Release|Any CPU
	EndGlobalSection
	GlobalSection(SolutionProperties) = preSolution
		HideSolutionNode = FALSE
	EndGlobalSection
	GlobalSection(ExtensibilityGlobals) = postSolution
		SolutionGuid = {3B12C5D7-5013-4C0B-87AD-008F80189EB9}
	EndGlobalSection
EndGlobal
